{
  "nodes": {
    "crate2nix": {
      "flake": false,
      "locked": {
        "lastModified": 1681086579,
        "narHash": "sha256-MEcdG7EXkFsmrTo1/X5tq7UDFY6enHdl65k0wbTCuD0=",
        "owner": "kolloch",
        "repo": "crate2nix",
        "rev": "1b042dab3928aaa37421a83d4e1023e7a79527e2",
        "type": "github"
      },
      "original": {
        "owner": "kolloch",
        "repo": "crate2nix",
        "type": "github"
      }
    },
    "flakeu": {
      "inputs": {
        "systems": "systems"
      },
      "locked": {
        "lastModified": 1681202837,
        "narHash": "sha256-H+Rh19JDwRtpVPAWp64F+rlEtxUWBAQW28eAi3SRSzg=",
        "owner": "numtide",
        "repo": "flake-utils",
        "rev": "cfacdce06f30d2b68473a46042957675eebb3401",
        "type": "github"
      },
      "original": {
        "owner": "numtide",
        "repo": "flake-utils",
        "type": "github"
      }
    },
    "nixpkgs": {
      "locked": {
        "lastModified": 1685314633,
        "narHash": "sha256-8LXBPqTQXl5ofkjpJ18JcbmLJ/lWDoMxtUwiDYv0wro=",
        "owner": "nixos",
        "repo": "nixpkgs",
        "rev": "c8a17ce7abc03c50cd072e9e6c9b389c5f61836b",
        "type": "github"
      },
      "original": {
        "owner": "nixos",
        "ref": "nixos-22.11",
        "repo": "nixpkgs",
        "type": "github"
      }
    },
    "root": {
      "inputs": {
        "crate2nix": "crate2nix",
        "flakeu": "flakeu",
        "nixpkgs": "nixpkgs"
      }
    },
    "systems": {
      "locked": {
        "lastModified": 1681028828,
        "narHash": "sha256-Vy1rq5AaRuLzOxct8nz4T6wlgyUR7zLU309k9mBC768=",
        "owner": "nix-systems",
        "repo": "default",
        "rev": "da67096a3b9bf56a91d16901293e51ba5b49a27e",
        "type": "github"
      },
      "original": {
        "owner": "nix-systems",
        "repo": "default",
        "type": "github"
      }
    }
  },
  "root": "root",
  "version": 7
}
